
Microsoft Visual Studio Solution File, Format Version 12.00
# Visual Studio 15
VisualStudioVersion = 15.0.28307.102
MinimumVisualStudioVersion = 10.0.40219.1
Project("{FAE04EC0-301F-11D3-BF4B-00C04F79EFBC}") = "Zyborg.IAMCreds.WinForm", "Zyborg.IAMCreds.WinForm\Zyborg.IAMCreds.WinForm.csproj", "{EF0AE479-3E02-481D-B9A1-BFF94CCB1DC8}"
EndProject
Global
	GlobalSection(SolutionConfigurationPlatforms) = preSolution
		Debug|Any CPU = Debug|Any CPU
		Release|Any CPU = Release|Any CPU
	EndGlobalSection
	GlobalSection(ProjectConfigurationPlatforms) = postSolution
		{EF0AE479-3E02-481D-B9A1-BFF94CCB1DC8}.Debug|Any CPU.ActiveCfg = Debug|Any CPU
		{EF0AE479-3E02-481D-B9A1-BFF94CCB1DC8}.Debug|Any CPU.Build.0 = Debug|Any CPU
		{EF0AE479-3E02-481D-B9A1-BFF94CCB1DC8}.Release|Any CPU.ActiveCfg = Release|Any CPU
		{EF0AE479-3E02-481D-B9A1-BFF94CCB1DC8}.Release|Any CPU.Build.0 = Release|Any CPU
	EndGlobalSection
	GlobalSection(SolutionProperties) = preSolution
		HideSolutionNode = FALSE
	EndGlobalSection
	GlobalSection(ExtensibilityGlobals) = postSolution
		SolutionGuid = {79E7A681-0D7C-407A-B5D3-7A9779C60AA8}
	EndGlobalSection
EndGlobal
